
Microsoft Visual Studio Solution File, Format Version 12.00
# Visual Studio Version 16
VisualStudioVersion = 16.0.32106.194
MinimumVisualStudioVersion = 10.0.40219.1
Project("{8BC9CEB8-8B4A-11D0-8D11-00A0C91BC942}") = "Ex0301", "Ex0301\Ex0301.vcxproj", "{F3FBFE1D-62C4-4937-82AB-77AFD83D841E}"
EndProject
Project("{8BC9CEB8-8B4A-11D0-8D11-00A0C91BC942}") = "List0309", "List0309\List0309.vcxproj", "{BEB581CE-3034-4E1A-8AF5-D0EE0B3C254E}"
EndProject
Project("{8BC9CEB8-8B4A-11D0-8D11-00A0C91BC942}") = "Ex0303", "Ex0303\Ex0303.vcxproj", "{26D658CC-3AFA-4A4B-9694-5104144E8A40}"
EndProject
Project("{8BC9CEB8-8B4A-11D0-8D11-00A0C91BC942}") = "Ex0304", "Ex0304\Ex0304.vcxproj", "{DDFD6187-B5B0-4179-8869-1489FCCD5BC8}"
EndProject
Project("{8BC9CEB8-8B4A-11D0-8D11-00A0C91BC942}") = "Ex0303-ex", "Ex0303-ex\Ex0303-ex.vcxproj", "{A3011386-4541-40F0-8969-42E772422FEF}"
EndProject
Project("{8BC9CEB8-8B4A-11D0-8D11-00A0C91BC942}") = "Ex0304-ex", "Ex0304-ex\Ex0304-ex.vcxproj", "{90C2C5AA-1731-414E-A918-074A2CF6E9FC}"
EndProject
Project("{8BC9CEB8-8B4A-11D0-8D11-00A0C91BC942}") = "Ex0301-ex", "Ex0301-ex\Ex0301-ex.vcxproj", "{EC038623-CB4B-4D22-9E4E-7B22932A1622}"
EndProject
Project("{8BC9CEB8-8B4A-11D0-8D11-00A0C91BC942}") = "Ex0302-ex", "Ex0302-ex\Ex0302-ex.vcxproj", "{D61162DE-EDAA-4116-B8B4-05ABDA725A8D}"
EndProject
Project("{8BC9CEB8-8B4A-11D0-8D11-00A0C91BC942}") = "List0310", "List0310\List0310.vcxproj", "{7994BA7F-9672-40B7-92F3-8CE907FD0449}"
EndProject
Project("{8BC9CEB8-8B4A-11D0-8D11-00A0C91BC942}") = "Ex0305-ex", "Ex0305\Ex0305.vcxproj", "{4B46A582-D73B-4251-B9D1-41B2871B5F8A}"
EndProject
Project("{8BC9CEB8-8B4A-11D0-8D11-00A0C91BC942}") = "List0311", "List0311\List0311.vcxproj", "{29E683AA-5111-4968-BEC5-24D3EC1513DA}"
EndProject
Project("{8BC9CEB8-8B4A-11D0-8D11-00A0C91BC942}") = "List0312", "List0312\List0312.vcxproj", "{3355377F-7B18-4807-96CA-10D2FBDAB815}"
EndProject
Project("{8BC9CEB8-8B4A-11D0-8D11-00A0C91BC942}") = "List0313", "List0313\List0313.vcxproj", "{17A52A5E-6C85-46E7-A65F-3EF7F6FE0773}"
EndProject
Project("{8BC9CEB8-8B4A-11D0-8D11-00A0C91BC942}") = "Ex0306", "Ex0306\Ex0306.vcxproj", "{2270E5E9-390F-43C2-B5B9-F7C531AE05C6}"
EndProject
Project("{8BC9CEB8-8B4A-11D0-8D11-00A0C91BC942}") = "Ex0307", "Ex0307\Ex0307.vcxproj", "{A0FA446B-FAC6-4931-8975-C77B9AEF51A7}"
EndProject
Project("{8BC9CEB8-8B4A-11D0-8D11-00A0C91BC942}") = "List0316", "List0316\List0316.vcxproj", "{D3D1FD94-573C-47EE-B59F-7C9AFA3C007A}"
EndProject
Project("{8BC9CEB8-8B4A-11D0-8D11-00A0C91BC942}") = "Ex0308", "Ex0308\Ex0308.vcxproj", "{299EF1B1-A51E-438D-8D80-8535443AC736}"
EndProject
Project("{8BC9CEB8-8B4A-11D0-8D11-00A0C91BC942}") = "Ex0309", "Ex0309\Ex0309.vcxproj", "{BE2EE17C-4E64-4B6E-817B-A3645A4B619A}"
EndProject
Project("{8BC9CEB8-8B4A-11D0-8D11-00A0C91BC942}") = "List0318", "List0318\List0318.vcxproj", "{35DBD250-9E79-4E4C-A5E0-031D1F917323}"
EndProject
Project("{8BC9CEB8-8B4A-11D0-8D11-00A0C91BC942}") = "Ex0310", "Ex0310\Ex0310.vcxproj", "{A43C8CCB-123B-467E-A059-AB43895E2135}"
EndProject
Project("{8BC9CEB8-8B4A-11D0-8D11-00A0C91BC942}") = "Ex0311", "Ex0311\Ex0311.vcxproj", "{6B88895A-4FB5-4963-BC21-71249820EED9}"
EndProject
Project("{8BC9CEB8-8B4A-11D0-8D11-00A0C91BC942}") = "List0319", "List0319\List0319.vcxproj", "{199F5ABC-9D8D-4C51-9749-FC3D754B25E4}"
EndProject
Project("{8BC9CEB8-8B4A-11D0-8D11-00A0C91BC942}") = "List0320", "List0320\List0320.vcxproj", "{7D92124D-CAFB-4D48-8D93-832FE9CC1317}"
EndProject
Project("{8BC9CEB8-8B4A-11D0-8D11-00A0C91BC942}") = "Ex0312", "Ex0312\Ex0312.vcxproj", "{0F967186-8C36-426C-A836-25037A39FC38}"
EndProject
Project("{8BC9CEB8-8B4A-11D0-8D11-00A0C91BC942}") = "List0304", "List0304\List0304.vcxproj", "{586EFE95-1F68-4B93-B32B-D02DEEF7597A}"
EndProject
Project("{8BC9CEB8-8B4A-11D0-8D11-00A0C91BC942}") = "Ex0313", "Ex0313\Ex0313.vcxproj", "{89113E6E-D630-40C1-A730-CB1D7428529A}"
EndProject
Project("{8BC9CEB8-8B4A-11D0-8D11-00A0C91BC942}") = "Ex0306-ex", "Ex0306-ex\Ex0306-ex.vcxproj", "{8A849B2E-74A7-4131-A486-78CAC8A82479}"
EndProject
Project("{8BC9CEB8-8B4A-11D0-8D11-00A0C91BC942}") = "Ex0307-ex", "Ex0307-ex\Ex0307-ex.vcxproj", "{AB22A1A0-E0A0-4A77-A1CB-896F9F9A0E56}"
EndProject
Project("{8BC9CEB8-8B4A-11D0-8D11-00A0C91BC942}") = "Ex0308-ex", "Ex0308-ex\Ex0308-ex.vcxproj", "{12117FFD-6152-432F-949F-E9AFD4C90F3C}"
EndProject
Project("{8BC9CEB8-8B4A-11D0-8D11-00A0C91BC942}") = "Ex0309-ex", "Ex0309-ex\Ex0309-ex.vcxproj", "{4717D8FD-40D3-4EA0-BA54-D6F725D7F319}"
EndProject
Project("{8BC9CEB8-8B4A-11D0-8D11-00A0C91BC942}") = "Ex0312-ex", "Ex0312-ex\Ex0312-ex.vcxproj", "{61AA2635-0122-4049-B23F-105D3E3FF80F}"
EndProject
Project("{8BC9CEB8-8B4A-11D0-8D11-00A0C91BC942}") = "Ex0313-ex1", "Ex0313-ex1\Ex0313-ex1.vcxproj", "{414AF38A-EBE7-40A4-8B69-1A8BD46278A2}"
EndProject
Project("{8BC9CEB8-8B4A-11D0-8D11-00A0C91BC942}") = "Ex0313-ex2", "Ex0313-ex2\Ex0313-ex2.vcxproj", "{F89194BD-66D8-4311-97ED-A90730E325D2}"
EndProject
Global
	GlobalSection(SolutionConfigurationPlatforms) = preSolution
		Debug|x64 = Debug|x64
		Debug|x86 = Debug|x86
		Release|x64 = Release|x64
		Release|x86 = Release|x86
	EndGlobalSection
	GlobalSection(ProjectConfigurationPlatforms) = postSolution
		{F3FBFE1D-62C4-4937-82AB-77AFD83D841E}.Debug|x64.ActiveCfg = Debug|x64
		{F3FBFE1D-62C4-4937-82AB-77AFD83D841E}.Debug|x64.Build.0 = Debug|x64
		{F3FBFE1D-62C4-4937-82AB-77AFD83D841E}.Debug|x86.ActiveCfg = Debug|Win32
		{F3FBFE1D-62C4-4937-82AB-77AFD83D841E}.Debug|x86.Build.0 = Debug|Win32
		{F3FBFE1D-62C4-4937-82AB-77AFD83D841E}.Release|x64.ActiveCfg = Release|x64
		{F3FBFE1D-62C4-4937-82AB-77AFD83D841E}.Release|x64.Build.0 = Release|x64
		{F3FBFE1D-62C4-4937-82AB-77AFD83D841E}.Release|x86.ActiveCfg = Release|Win32
		{F3FBFE1D-62C4-4937-82AB-77AFD83D841E}.Release|x86.Build.0 = Release|Win32
		{BEB581CE-3034-4E1A-8AF5-D0EE0B3C254E}.Debug|x64.ActiveCfg = Debug|x64
		{BEB581CE-3034-4E1A-8AF5-D0EE0B3C254E}.Debug|x64.Build.0 = Debug|x64
		{BEB581CE-3034-4E1A-8AF5-D0EE0B3C254E}.Debug|x86.ActiveCfg = Debug|Win32
		{BEB581CE-3034-4E1A-8AF5-D0EE0B3C254E}.Debug|x86.Build.0 = Debug|Win32
		{BEB581CE-3034-4E1A-8AF5-D0EE0B3C254E}.Release|x64.ActiveCfg = Release|x64
		{BEB581CE-3034-4E1A-8AF5-D0EE0B3C254E}.Release|x64.Build.0 = Release|x64
		{BEB581CE-3034-4E1A-8AF5-D0EE0B3C254E}.Release|x86.ActiveCfg = Release|Win32
		{BEB581CE-3034-4E1A-8AF5-D0EE0B3C254E}.Release|x86.Build.0 = Release|Win32
		{26D658CC-3AFA-4A4B-9694-5104144E8A40}.Debug|x64.ActiveCfg = Debug|x64
		{26D658CC-3AFA-4A4B-9694-5104144E8A40}.Debug|x64.Build.0 = Debug|x64
		{26D658CC-3AFA-4A4B-9694-5104144E8A40}.Debug|x86.ActiveCfg = Debug|Win32
		{26D658CC-3AFA-4A4B-9694-5104144E8A40}.Debug|x86.Build.0 = Debug|Win32
		{26D658CC-3AFA-4A4B-9694-5104144E8A40}.Release|x64.ActiveCfg = Release|x64
		{26D658CC-3AFA-4A4B-9694-5104144E8A40}.Release|x64.Build.0 = Release|x64
		{26D658CC-3AFA-4A4B-9694-5104144E8A40}.Release|x86.ActiveCfg = Release|Win32
		{26D658CC-3AFA-4A4B-9694-5104144E8A40}.Release|x86.Build.0 = Release|Win32
		{DDFD6187-B5B0-4179-8869-1489FCCD5BC8}.Debug|x64.ActiveCfg = Debug|x64
		{DDFD6187-B5B0-4179-8869-1489FCCD5BC8}.Debug|x64.Build.0 = Debug|x64
		{DDFD6187-B5B0-4179-8869-1489FCCD5BC8}.Debug|x86.ActiveCfg = Debug|Win32
		{DDFD6187-B5B0-4179-8869-1489FCCD5BC8}.Debug|x86.Build.0 = Debug|Win32
		{DDFD6187-B5B0-4179-8869-1489FCCD5BC8}.Release|x64.ActiveCfg = Release|x64
		{DDFD6187-B5B0-4179-8869-1489FCCD5BC8}.Release|x64.Build.0 = Release|x64
		{DDFD6187-B5B0-4179-8869-1489FCCD5BC8}.Release|x86.ActiveCfg = Release|Win32
		{DDFD6187-B5B0-4179-8869-1489FCCD5BC8}.Release|x86.Build.0 = Release|Win32
		{A3011386-4541-40F0-8969-42E772422FEF}.Debug|x64.ActiveCfg = Debug|x64
		{A3011386-4541-40F0-8969-42E772422FEF}.Debug|x64.Build.0 = Debug|x64
		{A3011386-4541-40F0-8969-42E772422FEF}.Debug|x86.ActiveCfg = Debug|Win32
		{A3011386-4541-40F0-8969-42E772422FEF}.Debug|x86.Build.0 = Debug|Win32
		{A3011386-4541-40F0-8969-42E772422FEF}.Release|x64.ActiveCfg = Release|x64
		{A3011386-4541-40F0-8969-42E772422FEF}.Release|x64.Build.0 = Release|x64
		{A3011386-4541-40F0-8969-42E772422FEF}.Release|x86.ActiveCfg = Release|Win32
		{A3011386-4541-40F0-8969-42E772422FEF}.Release|x86.Build.0 = Release|Win32
		{90C2C5AA-1731-414E-A918-074A2CF6E9FC}.Debug|x64.ActiveCfg = Debug|x64
		{90C2C5AA-1731-414E-A918-074A2CF6E9FC}.Debug|x64.Build.0 = Debug|x64
		{90C2C5AA-1731-414E-A918-074A2CF6E9FC}.Debug|x86.ActiveCfg = Debug|Win32
		{90C2C5AA-1731-414E-A918-074A2CF6E9FC}.Debug|x86.Build.0 = Debug|Win32
		{90C2C5AA-1731-414E-A918-074A2CF6E9FC}.Release|x64.ActiveCfg = Release|x64
		{90C2C5AA-1731-414E-A918-074A2CF6E9FC}.Release|x64.Build.0 = Release|x64
		{90C2C5AA-1731-414E-A918-074A2CF6E9FC}.Release|x86.ActiveCfg = Release|Win32
		{90C2C5AA-1731-414E-A918-074A2CF6E9FC}.Release|x86.Build.0 = Release|Win32
		{EC038623-CB4B-4D22-9E4E-7B22932A1622}.Debug|x64.ActiveCfg = Debug|x64
		{EC038623-CB4B-4D22-9E4E-7B22932A1622}.Debug|x64.Build.0 = Debug|x64
		{EC038623-CB4B-4D22-9E4E-7B22932A1622}.Debug|x86.ActiveCfg = Debug|Win32
		{EC038623-CB4B-4D22-9E4E-7B22932A1622}.Debug|x86.Build.0 = Debug|Win32
		{EC038623-CB4B-4D22-9E4E-7B22932A1622}.Release|x64.ActiveCfg = Release|x64
		{EC038623-CB4B-4D22-9E4E-7B22932A1622}.Release|x64.Build.0 = Release|x64
		{EC038623-CB4B-4D22-9E4E-7B22932A1622}.Release|x86.ActiveCfg = Release|Win32
		{EC038623-CB4B-4D22-9E4E-7B22932A1622}.Release|x86.Build.0 = Release|Win32
		{D61162DE-EDAA-4116-B8B4-05ABDA725A8D}.Debug|x64.ActiveCfg = Debug|x64
		{D61162DE-EDAA-4116-B8B4-05ABDA725A8D}.Debug|x64.Build.0 = Debug|x64
		{D61162DE-EDAA-4116-B8B4-05ABDA725A8D}.Debug|x86.ActiveCfg = Debug|Win32
		{D61162DE-EDAA-4116-B8B4-05ABDA725A8D}.Debug|x86.Build.0 = Debug|Win32
		{D61162DE-EDAA-4116-B8B4-05ABDA725A8D}.Release|x64.ActiveCfg = Release|x64
		{D61162DE-EDAA-4116-B8B4-05ABDA725A8D}.Release|x64.Build.0 = Release|x64
		{D61162DE-EDAA-4116-B8B4-05ABDA725A8D}.Release|x86.ActiveCfg = Release|Win32
		{D61162DE-EDAA-4116-B8B4-05ABDA725A8D}.Release|x86.Build.0 = Release|Win32
		{7994BA7F-9672-40B7-92F3-8CE907FD0449}.Debug|x64.ActiveCfg = Debug|x64
		{7994BA7F-9672-40B7-92F3-8CE907FD0449}.Debug|x64.Build.0 = Debug|x64
		{7994BA7F-9672-40B7-92F3-8CE907FD0449}.Debug|x86.ActiveCfg = Debug|Win32
		{7994BA7F-9672-40B7-92F3-8CE907FD0449}.Debug|x86.Build.0 = Debug|Win32
		{7994BA7F-9672-40B7-92F3-8CE907FD0449}.Release|x64.ActiveCfg = Release|x64
		{7994BA7F-9672-40B7-92F3-8CE907FD0449}.Release|x64.Build.0 = Release|x64
		{7994BA7F-9672-40B7-92F3-8CE907FD0449}.Release|x86.ActiveCfg = Release|Win32
		{7994BA7F-9672-40B7-92F3-8CE907FD0449}.Release|x86.Build.0 = Release|Win32
		{4B46A582-D73B-4251-B9D1-41B2871B5F8A}.Debug|x64.ActiveCfg = Debug|x64
		{4B46A582-D73B-4251-B9D1-41B2871B5F8A}.Debug|x64.Build.0 = Debug|x64
		{4B46A582-D73B-4251-B9D1-41B2871B5F8A}.Debug|x86.ActiveCfg = Debug|Win32
		{4B46A582-D73B-4251-B9D1-41B2871B5F8A}.Debug|x86.Build.0 = Debug|Win32
		{4B46A582-D73B-4251-B9D1-41B2871B5F8A}.Release|x64.ActiveCfg = Release|x64
		{4B46A582-D73B-4251-B9D1-41B2871B5F8A}.Release|x64.Build.0 = Release|x64
		{4B46A582-D73B-4251-B9D1-41B2871B5F8A}.Release|x86.ActiveCfg = Release|Win32
		{4B46A582-D73B-4251-B9D1-41B2871B5F8A}.Release|x86.Build.0 = Release|Win32
		{29E683AA-5111-4968-BEC5-24D3EC1513DA}.Debug|x64.ActiveCfg = Debug|x64
		{29E683AA-5111-4968-BEC5-24D3EC1513DA}.Debug|x64.Build.0 = Debug|x64
		{29E683AA-5111-4968-BEC5-24D3EC1513DA}.Debug|x86.ActiveCfg = Debug|Win32
		{29E683AA-5111-4968-BEC5-24D3EC1513DA}.Debug|x86.Build.0 = Debug|Win32
		{29E683AA-5111-4968-BEC5-24D3EC1513DA}.Release|x64.ActiveCfg = Release|x64
		{29E683AA-5111-4968-BEC5-24D3EC1513DA}.Release|x64.Build.0 = Release|x64
		{29E683AA-5111-4968-BEC5-24D3EC1513DA}.Release|x86.ActiveCfg = Release|Win32
		{29E683AA-5111-4968-BEC5-24D3EC1513DA}.Release|x86.Build.0 = Release|Win32
		{3355377F-7B18-4807-96CA-10D2FBDAB815}.Debug|x64.ActiveCfg = Debug|x64
		{3355377F-7B18-4807-96CA-10D2FBDAB815}.Debug|x64.Build.0 = Debug|x64
		{3355377F-7B18-4807-96CA-10D2FBDAB815}.Debug|x86.ActiveCfg = Debug|Win32
		{3355377F-7B18-4807-96CA-10D2FBDAB815}.Debug|x86.Build.0 = Debug|Win32
		{3355377F-7B18-4807-96CA-10D2FBDAB815}.Release|x64.ActiveCfg = Release|x64
		{3355377F-7B18-4807-96CA-10D2FBDAB815}.Release|x64.Build.0 = Release|x64
		{3355377F-7B18-4807-96CA-10D2FBDAB815}.Release|x86.ActiveCfg = Release|Win32
		{3355377F-7B18-4807-96CA-10D2FBDAB815}.Release|x86.Build.0 = Release|Win32
		{17A52A5E-6C85-46E7-A65F-3EF7F6FE0773}.Debug|x64.ActiveCfg = Debug|x64
		{17A52A5E-6C85-46E7-A65F-3EF7F6FE0773}.Debug|x64.Build.0 = Debug|x64
		{17A52A5E-6C85-46E7-A65F-3EF7F6FE0773}.Debug|x86.ActiveCfg = Debug|Win32
		{17A52A5E-6C85-46E7-A65F-3EF7F6FE0773}.Debug|x86.Build.0 = Debug|Win32
		{17A52A5E-6C85-46E7-A65F-3EF7F6FE0773}.Release|x64.ActiveCfg = Release|x64
		{17A52A5E-6C85-46E7-A65F-3EF7F6FE0773}.Release|x64.Build.0 = Release|x64
		{17A52A5E-6C85-46E7-A65F-3EF7F6FE0773}.Release|x86.ActiveCfg = Release|Win32
		{17A52A5E-6C85-46E7-A65F-3EF7F6FE0773}.Release|x86.Build.0 = Release|Win32
		{2270E5E9-390F-43C2-B5B9-F7C531AE05C6}.Debug|x64.ActiveCfg = Debug|x64
		{2270E5E9-390F-43C2-B5B9-F7C531AE05C6}.Debug|x64.Build.0 = Debug|x64
		{2270E5E9-390F-43C2-B5B9-F7C531AE05C6}.Debug|x86.ActiveCfg = Debug|Win32
		{2270E5E9-390F-43C2-B5B9-F7C531AE05C6}.Debug|x86.Build.0 = Debug|Win32
		{2270E5E9-390F-43C2-B5B9-F7C531AE05C6}.Release|x64.ActiveCfg = Release|x64
		{2270E5E9-390F-43C2-B5B9-F7C531AE05C6}.Release|x64.Build.0 = Release|x64
		{2270E5E9-390F-43C2-B5B9-F7C531AE05C6}.Release|x86.ActiveCfg = Release|Win32
		{2270E5E9-390F-43C2-B5B9-F7C531AE05C6}.Release|x86.Build.0 = Release|Win32
		{A0FA446B-FAC6-4931-8975-C77B9AEF51A7}.Debug|x64.ActiveCfg = Debug|x64
		{A0FA446B-FAC6-4931-8975-C77B9AEF51A7}.Debug|x64.Build.0 = Debug|x64
		{A0FA446B-FAC6-4931-8975-C77B9AEF51A7}.Debug|x86.ActiveCfg = Debug|Win32
		{A0FA446B-FAC6-4931-8975-C77B9AEF51A7}.Debug|x86.Build.0 = Debug|Win32
		{A0FA446B-FAC6-4931-8975-C77B9AEF51A7}.Release|x64.ActiveCfg = Release|x64
		{A0FA446B-FAC6-4931-8975-C77B9AEF51A7}.Release|x64.Build.0 = Release|x64
		{A0FA446B-FAC6-4931-8975-C77B9AEF51A7}.Release|x86.ActiveCfg = Release|Win32
		{A0FA446B-FAC6-4931-8975-C77B9AEF51A7}.Release|x86.Build.0 = Release|Win32
		{D3D1FD94-573C-47EE-B59F-7C9AFA3C007A}.Debug|x64.ActiveCfg = Debug|x64
		{D3D1FD94-573C-47EE-B59F-7C9AFA3C007A}.Debug|x64.Build.0 = Debug|x64
		{D3D1FD94-573C-47EE-B59F-7C9AFA3C007A}.Debug|x86.ActiveCfg = Debug|Win32
		{D3D1FD94-573C-47EE-B59F-7C9AFA3C007A}.Debug|x86.Build.0 = Debug|Win32
		{D3D1FD94-573C-47EE-B59F-7C9AFA3C007A}.Release|x64.ActiveCfg = Release|x64
		{D3D1FD94-573C-47EE-B59F-7C9AFA3C007A}.Release|x64.Build.0 = Release|x64
		{D3D1FD94-573C-47EE-B59F-7C9AFA3C007A}.Release|x86.ActiveCfg = Release|Win32
		{D3D1FD94-573C-47EE-B59F-7C9AFA3C007A}.Release|x86.Build.0 = Release|Win32
		{299EF1B1-A51E-438D-8D80-8535443AC736}.Debug|x64.ActiveCfg = Debug|x64
		{299EF1B1-A51E-438D-8D80-8535443AC736}.Debug|x64.Build.0 = Debug|x64
		{299EF1B1-A51E-438D-8D80-8535443AC736}.Debug|x86.ActiveCfg = Debug|Win32
		{299EF1B1-A51E-438D-8D80-8535443AC736}.Debug|x86.Build.0 = Debug|Win32
		{299EF1B1-A51E-438D-8D80-8535443AC736}.Release|x64.ActiveCfg = Release|x64
		{299EF1B1-A51E-438D-8D80-8535443AC736}.Release|x64.Build.0 = Release|x64
		{299EF1B1-A51E-438D-8D80-8535443AC736}.Release|x86.ActiveCfg = Release|Win32
		{299EF1B1-A51E-438D-8D80-8535443AC736}.Release|x86.Build.0 = Release|Win32
		{BE2EE17C-4E64-4B6E-817B-A3645A4B619A}.Debug|x64.ActiveCfg = Debug|x64
		{BE2EE17C-4E64-4B6E-817B-A3645A4B619A}.Debug|x64.Build.0 = Debug|x64
		{BE2EE17C-4E64-4B6E-817B-A3645A4B619A}.Debug|x86.ActiveCfg = Debug|Win32
		{BE2EE17C-4E64-4B6E-817B-A3645A4B619A}.Debug|x86.Build.0 = Debug|Win32
		{BE2EE17C-4E64-4B6E-817B-A3645A4B619A}.Release|x64.ActiveCfg = Release|x64
		{BE2EE17C-4E64-4B6E-817B-A3645A4B619A}.Release|x64.Build.0 = Release|x64
		{BE2EE17C-4E64-4B6E-817B-A3645A4B619A}.Release|x86.ActiveCfg = Release|Win32
		{BE2EE17C-4E64-4B6E-817B-A3645A4B619A}.Release|x86.Build.0 = Release|Win32
		{35DBD250-9E79-4E4C-A5E0-031D1F917323}.Debug|x64.ActiveCfg = Debug|x64
		{35DBD250-9E79-4E4C-A5E0-031D1F917323}.Debug|x64.Build.0 = Debug|x64
		{35DBD250-9E79-4E4C-A5E0-031D1F917323}.Debug|x86.ActiveCfg = Debug|Win32
		{35DBD250-9E79-4E4C-A5E0-031D1F917323}.Debug|x86.Build.0 = Debug|Win32
		{35DBD250-9E79-4E4C-A5E0-031D1F917323}.Release|x64.ActiveCfg = Release|x64
		{35DBD250-9E79-4E4C-A5E0-031D1F917323}.Release|x64.Build.0 = Release|x64
		{35DBD250-9E79-4E4C-A5E0-031D1F917323}.Release|x86.ActiveCfg = Release|Win32
		{35DBD250-9E79-4E4C-A5E0-031D1F917323}.Release|x86.Build.0 = Release|Win32
		{A43C8CCB-123B-467E-A059-AB43895E2135}.Debug|x64.ActiveCfg = Debug|x64
		{A43C8CCB-123B-467E-A059-AB43895E2135}.Debug|x64.Build.0 = Debug|x64
		{A43C8CCB-123B-467E-A059-AB43895E2135}.Debug|x86.ActiveCfg = Debug|Win32
		{A43C8CCB-123B-467E-A059-AB43895E2135}.Debug|x86.Build.0 = Debug|Win32
		{A43C8CCB-123B-467E-A059-AB43895E2135}.Release|x64.ActiveCfg = Release|x64
		{A43C8CCB-123B-467E-A059-AB43895E2135}.Release|x64.Build.0 = Release|x64
		{A43C8CCB-123B-467E-A059-AB43895E2135}.Release|x86.ActiveCfg = Release|Win32
		{A43C8CCB-123B-467E-A059-AB43895E2135}.Release|x86.Build.0 = Release|Win32
		{6B88895A-4FB5-4963-BC21-71249820EED9}.Debug|x64.ActiveCfg = Debug|x64
		{6B88895A-4FB5-4963-BC21-71249820EED9}.Debug|x64.Build.0 = Debug|x64
		{6B88895A-4FB5-4963-BC21-71249820EED9}.Debug|x86.ActiveCfg = Debug|Win32
		{6B88895A-4FB5-4963-BC21-71249820EED9}.Debug|x86.Build.0 = Debug|Win32
		{6B88895A-4FB5-4963-BC21-71249820EED9}.Release|x64.ActiveCfg = Release|x64
		{6B88895A-4FB5-4963-BC21-71249820EED9}.Release|x64.Build.0 = Release|x64
		{6B88895A-4FB5-4963-BC21-71249820EED9}.Release|x86.ActiveCfg = Release|Win32
		{6B88895A-4FB5-4963-BC21-71249820EED9}.Release|x86.Build.0 = Release|Win32
		{199F5ABC-9D8D-4C51-9749-FC3D754B25E4}.Debug|x64.ActiveCfg = Debug|x64
		{199F5ABC-9D8D-4C51-9749-FC3D754B25E4}.Debug|x64.Build.0 = Debug|x64
		{199F5ABC-9D8D-4C51-9749-FC3D754B25E4}.Debug|x86.ActiveCfg = Debug|Win32
		{199F5ABC-9D8D-4C51-9749-FC3D754B25E4}.Debug|x86.Build.0 = Debug|Win32
		{199F5ABC-9D8D-4C51-9749-FC3D754B25E4}.Release|x64.ActiveCfg = Release|x64
		{199F5ABC-9D8D-4C51-9749-FC3D754B25E4}.Release|x64.Build.0 = Release|x64
		{199F5ABC-9D8D-4C51-9749-FC3D754B25E4}.Release|x86.ActiveCfg = Release|Win32
		{199F5ABC-9D8D-4C51-9749-FC3D754B25E4}.Release|x86.Build.0 = Release|Win32
		{7D92124D-CAFB-4D48-8D93-832FE9CC1317}.Debug|x64.ActiveCfg = Debug|x64
		{7D92124D-CAFB-4D48-8D93-832FE9CC1317}.Debug|x64.Build.0 = Debug|x64
		{7D92124D-CAFB-4D48-8D93-832FE9CC1317}.Debug|x86.ActiveCfg = Debug|Win32
		{7D92124D-CAFB-4D48-8D93-832FE9CC1317}.Debug|x86.Build.0 = Debug|Win32
		{7D92124D-CAFB-4D48-8D93-832FE9CC1317}.Release|x64.ActiveCfg = Release|x64
		{7D92124D-CAFB-4D48-8D93-832FE9CC1317}.Release|x64.Build.0 = Release|x64
		{7D92124D-CAFB-4D48-8D93-832FE9CC1317}.Release|x86.ActiveCfg = Release|Win32
		{7D92124D-CAFB-4D48-8D93-832FE9CC1317}.Release|x86.Build.0 = Release|Win32
		{0F967186-8C36-426C-A836-25037A39FC38}.Debug|x64.ActiveCfg = Debug|x64
		{0F967186-8C36-426C-A836-25037A39FC38}.Debug|x64.Build.0 = Debug|x64
		{0F967186-8C36-426C-A836-25037A39FC38}.Debug|x86.ActiveCfg = Debug|Win32
		{0F967186-8C36-426C-A836-25037A39FC38}.Debug|x86.Build.0 = Debug|Win32
		{0F967186-8C36-426C-A836-25037A39FC38}.Release|x64.ActiveCfg = Release|x64
		{0F967186-8C36-426C-A836-25037A39FC38}.Release|x64.Build.0 = Release|x64
		{0F967186-8C36-426C-A836-25037A39FC38}.Release|x86.ActiveCfg = Release|Win32
		{0F967186-8C36-426C-A836-25037A39FC38}.Release|x86.Build.0 = Release|Win32
		{586EFE95-1F68-4B93-B32B-D02DEEF7597A}.Debug|x64.ActiveCfg = Debug|x64
		{586EFE95-1F68-4B93-B32B-D02DEEF7597A}.Debug|x64.Build.0 = Debug|x64
		{586EFE95-1F68-4B93-B32B-D02DEEF7597A}.Debug|x86.ActiveCfg = Debug|Win32
		{586EFE95-1F68-4B93-B32B-D02DEEF7597A}.Debug|x86.Build.0 = Debug|Win32
		{586EFE95-1F68-4B93-B32B-D02DEEF7597A}.Release|x64.ActiveCfg = Release|x64
		{586EFE95-1F68-4B93-B32B-D02DEEF7597A}.Release|x64.Build.0 = Release|x64
		{586EFE95-1F68-4B93-B32B-D02DEEF7597A}.Release|x86.ActiveCfg = Release|Win32
		{586EFE95-1F68-4B93-B32B-D02DEEF7597A}.Release|x86.Build.0 = Release|Win32
		{89113E6E-D630-40C1-A730-CB1D7428529A}.Debug|x64.ActiveCfg = Debug|x64
		{89113E6E-D630-40C1-A730-CB1D7428529A}.Debug|x64.Build.0 = Debug|x64
		{89113E6E-D630-40C1-A730-CB1D7428529A}.Debug|x86.ActiveCfg = Debug|Win32
		{89113E6E-D630-40C1-A730-CB1D7428529A}.Debug|x86.Build.0 = Debug|Win32
		{89113E6E-D630-40C1-A730-CB1D7428529A}.Release|x64.ActiveCfg = Release|x64
		{89113E6E-D630-40C1-A730-CB1D7428529A}.Release|x64.Build.0 = Release|x64
		{89113E6E-D630-40C1-A730-CB1D7428529A}.Release|x86.ActiveCfg = Release|Win32
		{89113E6E-D630-40C1-A730-CB1D7428529A}.Release|x86.Build.0 = Release|Win32
		{8A849B2E-74A7-4131-A486-78CAC8A82479}.Debug|x64.ActiveCfg = Debug|x64
		{8A849B2E-74A7-4131-A486-78CAC8A82479}.Debug|x64.Build.0 = Debug|x64
		{8A849B2E-74A7-4131-A486-78CAC8A82479}.Debug|x86.ActiveCfg = Debug|Win32
		{8A849B2E-74A7-4131-A486-78CAC8A82479}.Debug|x86.Build.0 = Debug|Win32
		{8A849B2E-74A7-4131-A486-78CAC8A82479}.Release|x64.ActiveCfg = Release|x64
		{8A849B2E-74A7-4131-A486-78CAC8A82479}.Release|x64.Build.0 = Release|x64
		{8A849B2E-74A7-4131-A486-78CAC8A82479}.Release|x86.ActiveCfg = Release|Win32
		{8A849B2E-74A7-4131-A486-78CAC8A82479}.Release|x86.Build.0 = Release|Win32
		{AB22A1A0-E0A0-4A77-A1CB-896F9F9A0E56}.Debug|x64.ActiveCfg = Debug|x64
		{AB22A1A0-E0A0-4A77-A1CB-896F9F9A0E56}.Debug|x64.Build.0 = Debug|x64
		{AB22A1A0-E0A0-4A77-A1CB-896F9F9A0E56}.Debug|x86.ActiveCfg = Debug|Win32
		{AB22A1A0-E0A0-4A77-A1CB-896F9F9A0E56}.Debug|x86.Build.0 = Debug|Win32
		{AB22A1A0-E0A0-4A77-A1CB-896F9F9A0E56}.Release|x64.ActiveCfg = Release|x64
		{AB22A1A0-E0A0-4A77-A1CB-896F9F9A0E56}.Release|x64.Build.0 = Release|x64
		{AB22A1A0-E0A0-4A77-A1CB-896F9F9A0E56}.Release|x86.ActiveCfg = Release|Win32
		{AB22A1A0-E0A0-4A77-A1CB-896F9F9A0E56}.Release|x86.Build.0 = Release|Win32
		{12117FFD-6152-432F-949F-E9AFD4C90F3C}.Debug|x64.ActiveCfg = Debug|x64
		{12117FFD-6152-432F-949F-E9AFD4C90F3C}.Debug|x64.Build.0 = Debug|x64
		{12117FFD-6152-432F-949F-E9AFD4C90F3C}.Debug|x86.ActiveCfg = Debug|Win32
		{12117FFD-6152-432F-949F-E9AFD4C90F3C}.Debug|x86.Build.0 = Debug|Win32
		{12117FFD-6152-432F-949F-E9AFD4C90F3C}.Release|x64.ActiveCfg = Release|x64
		{12117FFD-6152-432F-949F-E9AFD4C90F3C}.Release|x64.Build.0 = Release|x64
		{12117FFD-6152-432F-949F-E9AFD4C90F3C}.Release|x86.ActiveCfg = Release|Win32
		{12117FFD-6152-432F-949F-E9AFD4C90F3C}.Release|x86.Build.0 = Release|Win32
		{4717D8FD-40D3-4EA0-BA54-D6F725D7F319}.Debug|x64.ActiveCfg = Debug|x64
		{4717D8FD-40D3-4EA0-BA54-D6F725D7F319}.Debug|x64.Build.0 = Debug|x64
		{4717D8FD-40D3-4EA0-BA54-D6F725D7F319}.Debug|x86.ActiveCfg = Debug|Win32
		{4717D8FD-40D3-4EA0-BA54-D6F725D7F319}.Debug|x86.Build.0 = Debug|Win32
		{4717D8FD-40D3-4EA0-BA54-D6F725D7F319}.Release|x64.ActiveCfg = Release|x64
		{4717D8FD-40D3-4EA0-BA54-D6F725D7F319}.Release|x64.Build.0 = Release|x64
		{4717D8FD-40D3-4EA0-BA54-D6F725D7F319}.Release|x86.ActiveCfg = Release|Win32
		{4717D8FD-40D3-4EA0-BA54-D6F725D7F319}.Release|x86.Build.0 = Release|Win32
		{61AA2635-0122-4049-B23F-105D3E3FF80F}.Debug|x64.ActiveCfg = Debug|x64
		{61AA2635-0122-4049-B23F-105D3E3FF80F}.Debug|x64.Build.0 = Debug|x64
		{61AA2635-0122-4049-B23F-105D3E3FF80F}.Debug|x86.ActiveCfg = Debug|Win32
		{61AA2635-0122-4049-B23F-105D3E3FF80F}.Debug|x86.Build.0 = Debug|Win32
		{61AA2635-0122-4049-B23F-105D3E3FF80F}.Release|x64.ActiveCfg = Release|x64
		{61AA2635-0122-4049-B23F-105D3E3FF80F}.Release|x64.Build.0 = Release|x64
		{61AA2635-0122-4049-B23F-105D3E3FF80F}.Release|x86.ActiveCfg = Release|Win32
		{61AA2635-0122-4049-B23F-105D3E3FF80F}.Release|x86.Build.0 = Release|Win32
		{414AF38A-EBE7-40A4-8B69-1A8BD46278A2}.Debug|x64.ActiveCfg = Debug|x64
		{414AF38A-EBE7-40A4-8B69-1A8BD46278A2}.Debug|x64.Build.0 = Debug|x64
		{414AF38A-EBE7-40A4-8B69-1A8BD46278A2}.Debug|x86.ActiveCfg = Debug|Win32
		{414AF38A-EBE7-40A4-8B69-1A8BD46278A2}.Debug|x86.Build.0 = Debug|Win32
		{414AF38A-EBE7-40A4-8B69-1A8BD46278A2}.Release|x64.ActiveCfg = Release|x64
		{414AF38A-EBE7-40A4-8B69-1A8BD46278A2}.Release|x64.Build.0 = Release|x64
		{414AF38A-EBE7-40A4-8B69-1A8BD46278A2}.Release|x86.ActiveCfg = Release|Win32
		{414AF38A-EBE7-40A4-8B69-1A8BD46278A2}.Release|x86.Build.0 = Release|Win32
		{F89194BD-66D8-4311-97ED-A90730E325D2}.Debug|x64.ActiveCfg = Debug|x64
		{F89194BD-66D8-4311-97ED-A90730E325D2}.Debug|x64.Build.0 = Debug|x64
		{F89194BD-66D8-4311-97ED-A90730E325D2}.Debug|x86.ActiveCfg = Debug|Win32
		{F89194BD-66D8-4311-97ED-A90730E325D2}.Debug|x86.Build.0 = Debug|Win32
		{F89194BD-66D8-4311-97ED-A90730E325D2}.Release|x64.ActiveCfg = Release|x64
		{F89194BD-66D8-4311-97ED-A90730E325D2}.Release|x64.Build.0 = Release|x64
		{F89194BD-66D8-4311-97ED-A90730E325D2}.Release|x86.ActiveCfg = Release|Win32
		{F89194BD-66D8-4311-97ED-A90730E325D2}.Release|x86.Build.0 = Release|Win32
	EndGlobalSection
	GlobalSection(SolutionProperties) = preSolution
		HideSolutionNode = FALSE
	EndGlobalSection
	GlobalSection(ExtensibilityGlobals) = postSolution
		SolutionGuid = {E29DD058-59DB-4F15-9DB9-EB4DDC938BA0}
	EndGlobalSection
EndGlobal
